<?xml version="1.0" encoding="utf-8"?>
<Project ToolsVersion="4.0" xmlns="http://schemas.microsoft.com/developer/msbuild/2003">
  <ItemGroup>
    <Filter Include="Source Files">
      <UniqueIdentifier>{4FC737F1-C7A5-4376-A066-2A32D752A2FF}</UniqueIdentifier>
      <Extensions>cpp;c;cc;cxx;def;odl;idl;hpj;bat;asm;asmx</Extensions>
    </Filter>
    <Filter Include="Header Files">
      <UniqueIdentifier>{93995380-89BD-4b04-88EB-625FBE52EBFB}</UniqueIdentifier>
      <Extensions>h;hh;hpp;hxx;hm;inl;inc;ipp;xsd</Extensions>
    </Filter>
    <Filter Include="Resource Files">
      <UniqueIdentifier>{67DA6AB6-F800-4c08-8B7A-83BB121AAD01}</UniqueIdentifier>
      <Extensions>rc;ico;cur;bmp;dlg;rc2;rct;bin;rgs;gif;jpg;jpeg;jpe;resx;tiff;tif;png;wav;mfcribbon-ms</Extensions>
    </Filter>
  </ItemGroup>
  <ItemGroup>
    <ClCompile Include="pch.cpp">
      <Filter>Source Files</Filter>
    </ClCompile>
    <ClCompile Include="Action\Action_.cpp">
      <Filter>Source Files</Filter>
    </ClCompile>
    <ClCompile Include="Component\Button\Button.cpp">
      <Filter>Source Files</Filter>
    </ClCompile>
    <ClCompile Include="Component\Axis\Axis.cpp">
      <Filter>Source Files</Filter>
    </ClCompile>
    <ClCompile Include="Device\Controller\Controller.cpp">
      <Filter>Source Files</Filter>
    </ClCompile>
    <ClCompile Include="Device\Keyboard\Keyboard.cpp">
      <Filter>Source Files</Filter>
    </ClCompile>
    <ClCompile Include="Device\Mouse\Mouse.cpp">
      <Filter>Source Files</Filter>
    </ClCompile>
    <ClCompile Include="Interfaces\Action\Action.cpp">
      <Filter>Source Files</Filter>
    </ClCompile>
    <ClCompile Include="MappingContext\MappingContext.cpp">
      <Filter>Source Files</Filter>
    </ClCompile>
    <ClCompile Include="Modifier\Negative\Negative.cpp">
      <Filter>Source Files</Filter>
    </ClCompile>
    <ClCompile Include="Modifier\SwizzleAxis\SwizzleAxis.cpp">
      <Filter>Source Files</Filter>
    </ClCompile>
    <ClCompile Include="System\System.cpp">
      <Filter>Source Files</Filter>
    </ClCompile>
    <ClCompile Include="Triggers\ChordAction\ChordAction.cpp">
      <Filter>Source Files</Filter>
    </ClCompile>
    <ClCompile Include="Triggers\Down\Down.cpp">
      <Filter>Source Files</Filter>
    </ClCompile>
    <ClCompile Include="Triggers\HoldAndRelease\HoldAndRelease.cpp">
      <Filter>Source Files</Filter>
    </ClCompile>
    <ClCompile Include="Triggers\Hold\Hold.cpp">
      <Filter>Source Files</Filter>
    </ClCompile>
    <ClCompile Include="Triggers\Pressed\Pressed.cpp">
      <Filter>Source Files</Filter>
    </ClCompile>
    <ClCompile Include="Triggers\Pulse\Pulse.cpp">
      <Filter>Source Files</Filter>
    </ClCompile>
    <ClCompile Include="Triggers\Released\Released.cpp">
      <Filter>Source Files</Filter>
    </ClCompile>
    <ClCompile Include="Triggers\State\State.cpp">
      <Filter>Source Files</Filter>
    </ClCompile>
    <ClCompile Include="Triggers\Tap\Tap.cpp">
      <Filter>Source Files</Filter>
    </ClCompile>
    <ClCompile Include="Triggers\Trigger\Trigger.cpp">
      <Filter>Source Files</Filter>
    </ClCompile>
    <ClCompile Include="Utilities\Functions\Functions.cpp">
      <Filter>Source Files</Filter>
    </ClCompile>
    <ClCompile Include="Exception\RuntimeException\RuntimeException.cpp">
      <Filter>Source Files</Filter>
    </ClCompile>
    <ClCompile Include="Exception\WinAPIException\WinAPIException.cpp">
      <Filter>Source Files</Filter>
    </ClCompile>
  </ItemGroup>
  <ItemGroup>
    <ClInclude Include="Input.h">
      <Filter>Header Files</Filter>
    </ClInclude>
    <ClInclude Include="pch.h">
      <Filter>Header Files</Filter>
    </ClInclude>
    <ClInclude Include="Declare\Declare.h">
      <Filter>Header Files</Filter>
    </ClInclude>
    <ClInclude Include="Declare\Value.h">
      <Filter>Header Files</Filter>
    </ClInclude>
    <ClInclude Include="Action\Action_.h">
      <Filter>Header Files</Filter>
    </ClInclude>
    <ClInclude Include="Component\Button\Button.h">
      <Filter>Header Files</Filter>
    </ClInclude>
    <ClInclude Include="Component\Axis\Axis.h">
      <Filter>Header Files</Filter>
    </ClInclude>
    <ClInclude Include="Declare\Listener.h">
      <Filter>Header Files</Filter>
    </ClInclude>
    <ClInclude Include="Declare\TriggerState.h">
      <Filter>Header Files</Filter>
    </ClInclude>
    <ClInclude Include="Device\Controller\Controller.h">
      <Filter>Header Files</Filter>
    </ClInclude>
    <ClInclude Include="Device\Device.h">
      <Filter>Header Files</Filter>
    </ClInclude>
    <ClInclude Include="Device\Keyboard\Keyboard.h">
      <Filter>Header Files</Filter>
    </ClInclude>
    <ClInclude Include="Device\Mouse\Mouse.h">
      <Filter>Header Files</Filter>
    </ClInclude>
    <ClInclude Include="Exception\Exception.h">
      <Filter>Header Files</Filter>
    </ClInclude>
    <ClInclude Include="Interfaces\Action\Action.hpp">
      <Filter>Header Files</Filter>
    </ClInclude>
    <ClInclude Include="Interfaces\IComponent\IComponent.h">
      <Filter>Header Files</Filter>
    </ClInclude>
    <ClInclude Include="Interfaces\IComponent\IComponentContainer.h">
      <Filter>Header Files</Filter>
    </ClInclude>
    <ClInclude Include="Interfaces\IDevices\IController\IController.h">
      <Filter>Header Files</Filter>
    </ClInclude>
    <ClInclude Include="Interfaces\IDevices\IDevices.h">
      <Filter>Header Files</Filter>
    </ClInclude>
    <ClInclude Include="Interfaces\IDevices\IDevice\IDevice.h">
      <Filter>Header Files</Filter>
    </ClInclude>
    <ClInclude Include="Interfaces\IDevices\IKeyboard\IKeyboard.h">
      <Filter>Header Files</Filter>
    </ClInclude>
    <ClInclude Include="Interfaces\IDevices\IMouse\IMouse.h">
      <Filter>Header Files</Filter>
    </ClInclude>
    <ClInclude Include="Interfaces\IMappingContext\IMappingContext.h">
      <Filter>Header Files</Filter>
    </ClInclude>
    <ClInclude Include="Interfaces\IModifier\IModifier.h">
      <Filter>Header Files</Filter>
    </ClInclude>
    <ClInclude Include="Interfaces\Interfaces.h">
      <Filter>Header Files</Filter>
    </ClInclude>
    <ClInclude Include="Interfaces\ISystem\ISystem.h">
      <Filter>Header Files</Filter>
    </ClInclude>
    <ClInclude Include="Interfaces\ITriggers\IChordAction\IChordAction.h">
      <Filter>Header Files</Filter>
    </ClInclude>
    <ClInclude Include="Interfaces\ITriggers\IDown\IDown.h">
      <Filter>Header Files</Filter>
    </ClInclude>
    <ClInclude Include="Interfaces\ITriggers\IHoldAndRelease\IHoldAndRelease.h">
      <Filter>Header Files</Filter>
    </ClInclude>
    <ClInclude Include="Interfaces\ITriggers\IHold\IHold.h">
      <Filter>Header Files</Filter>
    </ClInclude>
    <ClInclude Include="Interfaces\ITriggers\IPluse\IPulse.h">
      <Filter>Header Files</Filter>
    </ClInclude>
    <ClInclude Include="Interfaces\ITriggers\IPressed\IPressed.h">
      <Filter>Header Files</Filter>
    </ClInclude>
    <ClInclude Include="Interfaces\ITriggers\IReleased\IReleased.h">
      <Filter>Header Files</Filter>
    </ClInclude>
    <ClInclude Include="Interfaces\ITriggers\ITap\ITap.h">
      <Filter>Header Files</Filter>
    </ClInclude>
    <ClInclude Include="Interfaces\ITriggers\ITriggers.h">
      <Filter>Header Files</Filter>
    </ClInclude>
    <ClInclude Include="Interfaces\ITriggers\ITrigger\ITrigger.h">
      <Filter>Header Files</Filter>
    </ClInclude>
    <ClInclude Include="MappingContext\MappingContext.h">
      <Filter>Header Files</Filter>
    </ClInclude>
    <ClInclude Include="Modifier\Modifier.h">
      <Filter>Header Files</Filter>
    </ClInclude>
    <ClInclude Include="Modifier\Negative\Negative.h">
      <Filter>Header Files</Filter>
    </ClInclude>
    <ClInclude Include="Modifier\SwizzleAxis\SwizzleAxis.h">
      <Filter>Header Files</Filter>
    </ClInclude>
    <ClInclude Include="System\System.h">
      <Filter>Header Files</Filter>
    </ClInclude>
    <ClInclude Include="Triggers\ChordAction\ChordAction.h">
      <Filter>Header Files</Filter>
    </ClInclude>
    <ClInclude Include="Triggers\Down\Down.h">
      <Filter>Header Files</Filter>
    </ClInclude>
    <ClInclude Include="Triggers\HoldAndRelease\HoldAndRelease.h">
      <Filter>Header Files</Filter>
    </ClInclude>
    <ClInclude Include="Triggers\Hold\Hold.h">
      <Filter>Header Files</Filter>
    </ClInclude>
    <ClInclude Include="Triggers\Pressed\Pressed.h">
      <Filter>Header Files</Filter>
    </ClInclude>
    <ClInclude Include="Triggers\Pulse\Pulse.h">
      <Filter>Header Files</Filter>
    </ClInclude>
    <ClInclude Include="Triggers\Released\Released.h">
      <Filter>Header Files</Filter>
    </ClInclude>
    <ClInclude Include="Triggers\State\State.h">
      <Filter>Header Files</Filter>
    </ClInclude>
    <ClInclude Include="Triggers\Tap\Tap.h">
      <Filter>Header Files</Filter>
    </ClInclude>
    <ClInclude Include="Triggers\Triggers.h">
      <Filter>Header Files</Filter>
    </ClInclude>
    <ClInclude Include="Triggers\Trigger\Trigger.hpp">
      <Filter>Header Files</Filter>
    </ClInclude>
    <ClInclude Include="Utilities\Functions\Functions.h">
      <Filter>Header Files</Filter>
    </ClInclude>
    <ClInclude Include="Utilities\Utilities.h">
      <Filter>Header Files</Filter>
    </ClInclude>
    <ClInclude Include="Exception\RuntimeException\RuntimeException.h">
      <Filter>Header Files</Filter>
    </ClInclude>
    <ClInclude Include="Exception\WinAPIException\WinAPIException.h">
      <Filter>Header Files</Filter>
    </ClInclude>
  </ItemGroup>
</Project>