<?xml version="1.0" encoding="utf-8"?>
<Project ToolsVersion="4.0" xmlns="http://schemas.microsoft.com/developer/msbuild/2003">
  <ItemGroup>
    <Filter Include="Source Files">
      <UniqueIdentifier>{4FC737F1-C7A5-4376-A066-2A32D752A2FF}</UniqueIdentifier>
      <Extensions>cpp;c;cc;cxx;def;odl;idl;hpj;bat;asm;asmx</Extensions>
    </Filter>
    <Filter Include="Header Files">
      <UniqueIdentifier>{93995380-89BD-4b04-88EB-625FBE52EBFB}</UniqueIdentifier>
      <Extensions>h;hh;hpp;hxx;hm;inl;inc;ipp;xsd</Extensions>
    </Filter>
    <Filter Include="Resource Files">
      <UniqueIdentifier>{67DA6AB6-F800-4c08-8B7A-83BB121AAD01}</UniqueIdentifier>
      <Extensions>rc;ico;cur;bmp;dlg;rc2;rct;bin;rgs;gif;jpg;jpeg;jpe;resx;tiff;tif;png;wav;mfcribbon-ms</Extensions>
    </Filter>
  </ItemGroup>
  <ItemGroup>
    <ClCompile Include="pch.cpp">
      <Filter>Source Files</Filter>
    </ClCompile>
    <ClCompile Include="System\System.cpp">
      <Filter>Source Files</Filter>
    </ClCompile>
    <ClCompile Include="Camera\Camera.cpp">
      <Filter>Source Files</Filter>
    </ClCompile>
    <ClCompile Include="Canvas\Canvas.cpp">
      <Filter>Source Files</Filter>
    </ClCompile>
    <ClCompile Include="Manager\Camera\CameraManager.cpp">
      <Filter>Source Files</Filter>
    </ClCompile>
    <ClCompile Include="Manager\Input\InputManager.cpp">
      <Filter>Source Files</Filter>
    </ClCompile>
    <ClCompile Include="Manager\Render\RenderManager.cpp">
      <Filter>Source Files</Filter>
    </ClCompile>
    <ClCompile Include="Manager\Resource\ResourceManager.cpp">
      <Filter>Source Files</Filter>
    </ClCompile>
    <ClCompile Include="Manager\System\SystemManager.cpp">
      <Filter>Source Files</Filter>
    </ClCompile>
    <ClCompile Include="Manager\Time\TimeManager.cpp">
      <Filter>Source Files</Filter>
    </ClCompile>
    <ClCompile Include="Manager\Window\WindowManager.cpp">
      <Filter>Source Files</Filter>
    </ClCompile>
    <ClCompile Include="Math\Collisions\AABB\AABB.cpp">
      <Filter>Source Files</Filter>
    </ClCompile>
    <ClCompile Include="Math\Helper\Helper.cpp">
      <Filter>Source Files</Filter>
    </ClCompile>
    <ClCompile Include="Math\Rect\Rect.cpp">
      <Filter>Source Files</Filter>
    </ClCompile>
    <ClCompile Include="Math\Vector\Vector2.cpp">
      <Filter>Source Files</Filter>
    </ClCompile>
    <ClCompile Include="Objects\Base\ObjectBase.cpp">
      <Filter>Source Files</Filter>
    </ClCompile>
    <ClCompile Include="Objects\Camera\CameraObject.cpp">
      <Filter>Source Files</Filter>
    </ClCompile>
    <ClCompile Include="Scene\Scene.cpp">
      <Filter>Source Files</Filter>
    </ClCompile>
    <ClCompile Include="UserInterfaces\Base\UIBase.cpp">
      <Filter>Source Files</Filter>
    </ClCompile>
    <ClCompile Include="UserInterfaces\Panels\Anchor\AnchorPanel.cpp">
      <Filter>Source Files</Filter>
    </ClCompile>
    <ClCompile Include="UserInterfaces\Wrappers\Box\BoxWrapper.cpp">
      <Filter>Source Files</Filter>
    </ClCompile>
    <ClCompile Include="World\World.cpp">
      <Filter>Source Files</Filter>
    </ClCompile>
    <ClCompile Include="Math\Collisions\Collision\Collision.cpp">
      <Filter>Source Files</Filter>
    </ClCompile>
    <ClCompile Include="Collisionable\Collisionable.cpp">
      <Filter>Source Files</Filter>
    </ClCompile>
    <ClCompile Include="Components\Animation\AnimationComponent.cpp">
      <Filter>Source Files</Filter>
    </ClCompile>
    <ClCompile Include="Components\Base\ComponentBase.cpp">
      <Filter>Source Files</Filter>
    </ClCompile>
    <ClCompile Include="Components\Bitmap\BitmapComponent.cpp">
      <Filter>Source Files</Filter>
    </ClCompile>
    <ClCompile Include="Components\Bound\BoundComponent.cpp">
      <Filter>Source Files</Filter>
    </ClCompile>
    <ClCompile Include="Components\Camera\CameraComponent.cpp">
      <Filter>Source Files</Filter>
    </ClCompile>
    <ClCompile Include="Components\Circle\CircleComponent.cpp">
      <Filter>Source Files</Filter>
    </ClCompile>
    <ClCompile Include="Components\Colliders\Base\ColliderBase.cpp">
      <Filter>Source Files</Filter>
    </ClCompile>
    <ClCompile Include="Components\Colliders\Box\BoxCollider.cpp">
      <Filter>Source Files</Filter>
    </ClCompile>
    <ClCompile Include="Components\Colliders\Circle\CircleCollider.cpp">
      <Filter>Source Files</Filter>
    </ClCompile>
    <ClCompile Include="Components\Movement\MovementComponent.cpp">
      <Filter>Source Files</Filter>
    </ClCompile>
    <ClCompile Include="Components\Rect\RectComponent.cpp">
      <Filter>Source Files</Filter>
    </ClCompile>
    <ClCompile Include="Components\Shapes\Box\BoxShapeComponent.cpp">
      <Filter>Source Files</Filter>
    </ClCompile>
    <ClCompile Include="Components\Shapes\Box\StrokeBoxShapeComponent.cpp">
      <Filter>Source Files</Filter>
    </ClCompile>
    <ClCompile Include="Components\Shapes\Circle\CircleShapeComponent.cpp">
      <Filter>Source Files</Filter>
    </ClCompile>
    <ClCompile Include="Components\Shapes\Circle\StrokeCircleShapeComponent.cpp">
      <Filter>Source Files</Filter>
    </ClCompile>
    <ClCompile Include="Components\Shapes\Stroked\Stroked.cpp">
      <Filter>Source Files</Filter>
    </ClCompile>
    <ClCompile Include="Math\Circle\Circle.cpp">
      <Filter>Source Files</Filter>
    </ClCompile>
    <ClCompile Include="Math\Line\Line.cpp">
      <Filter>Source Files</Filter>
    </ClCompile>
    <ClCompile Include="Math\Polygon\Polygon.cpp">
      <Filter>Source Files</Filter>
    </ClCompile>
    <ClCompile Include="Components\Rigidbody\RigidbodyComponent.cpp">
      <Filter>Source Files</Filter>
    </ClCompile>
    <ClCompile Include="Math\RoundRect\RoundRect.cpp">
      <Filter>Source Files</Filter>
    </ClCompile>
    <ClCompile Include="Components\RoundRect\RoundRectComponent.cpp">
      <Filter>Source Files</Filter>
    </ClCompile>
    <ClCompile Include="Components\Shapes\RoundRect\RoundRectShapeComponent.cpp">
      <Filter>Source Files</Filter>
    </ClCompile>
    <ClCompile Include="Components\Colliders\RoundRect\RoundRectCollider.cpp">
      <Filter>Source Files</Filter>
    </ClCompile>
    <ClCompile Include="Components\Lights\Light\LightComponent.cpp">
      <Filter>Source Files</Filter>
    </ClCompile>
    <ClCompile Include="AdditionalFeatures\Colored\Colored.cpp">
      <Filter>Source Files</Filter>
    </ClCompile>
    <ClCompile Include="Components\UI\UIComponent.cpp">
      <Filter>Source Files</Filter>
    </ClCompile>
    <ClCompile Include="UserInterfaces\Panels\Overlay\OverlayPanel.cpp">
      <Filter>Source Files</Filter>
    </ClCompile>
    <ClCompile Include="UserInterfaces\Wrappers\Animation\AnimationWrapper.cpp">
      <Filter>Source Files</Filter>
    </ClCompile>
    <ClCompile Include="UserInterfaces\Wrappers\Base\WrapperBase.cpp">
      <Filter>Source Files</Filter>
    </ClCompile>
    <ClCompile Include="UserInterfaces\Wrappers\Image\ImageWrapper.cpp">
      <Filter>Source Files</Filter>
    </ClCompile>
    <ClCompile Include="Components\Lights\Shade\ShadeComponent.cpp">
      <Filter>Source Files</Filter>
    </ClCompile>
  </ItemGroup>
  <ItemGroup>
    <ClInclude Include="pch.h">
      <Filter>Header Files</Filter>
    </ClInclude>
    <ClInclude Include="System\System.h">
      <Filter>Header Files</Filter>
    </ClInclude>
    <ClInclude Include="Manager\Manager.h">
      <Filter>Header Files</Filter>
    </ClInclude>
    <ClInclude Include="Camera\Camera.h">
      <Filter>Header Files</Filter>
    </ClInclude>
    <ClInclude Include="Canvas\Canvas.h">
      <Filter>Header Files</Filter>
    </ClInclude>
    <ClInclude Include="Engine.h">
      <Filter>Header Files</Filter>
    </ClInclude>
    <ClInclude Include="Manager\Base\ManagerBase.hpp">
      <Filter>Header Files</Filter>
    </ClInclude>
    <ClInclude Include="Manager\Camera\CameraManager.h">
      <Filter>Header Files</Filter>
    </ClInclude>
    <ClInclude Include="Manager\Input\InputManager.h">
      <Filter>Header Files</Filter>
    </ClInclude>
    <ClInclude Include="Manager\Render\RenderManager.h">
      <Filter>Header Files</Filter>
    </ClInclude>
    <ClInclude Include="Manager\Resource\ResourceManager.h">
      <Filter>Header Files</Filter>
    </ClInclude>
    <ClInclude Include="Manager\System\SystemManager.h">
      <Filter>Header Files</Filter>
    </ClInclude>
    <ClInclude Include="Manager\Time\TimeManager.h">
      <Filter>Header Files</Filter>
    </ClInclude>
    <ClInclude Include="Manager\Window\WindowManager.h">
      <Filter>Header Files</Filter>
    </ClInclude>
    <ClInclude Include="Math\Collisions\AABB\AABB.h">
      <Filter>Header Files</Filter>
    </ClInclude>
    <ClInclude Include="Math\Collisions\Collisions.h">
      <Filter>Header Files</Filter>
    </ClInclude>
    <ClInclude Include="Math\Helper\Helper.h">
      <Filter>Header Files</Filter>
    </ClInclude>
    <ClInclude Include="Math\Math.h">
      <Filter>Header Files</Filter>
    </ClInclude>
    <ClInclude Include="Math\Rect\Rect.h">
      <Filter>Header Files</Filter>
    </ClInclude>
    <ClInclude Include="Math\Vector\Vector2.h">
      <Filter>Header Files</Filter>
    </ClInclude>
    <ClInclude Include="Objects\Base\ObjectBase.h">
      <Filter>Header Files</Filter>
    </ClInclude>
    <ClInclude Include="Objects\Camera\CameraObject.h">
      <Filter>Header Files</Filter>
    </ClInclude>
    <ClInclude Include="Objects\Objects.h">
      <Filter>Header Files</Filter>
    </ClInclude>
    <ClInclude Include="Scene\Scene.h">
      <Filter>Header Files</Filter>
    </ClInclude>
    <ClInclude Include="UserInterfaces\Base\UIBase.h">
      <Filter>Header Files</Filter>
    </ClInclude>
    <ClInclude Include="UserInterfaces\Panels\Anchor\AnchorPanel.h">
      <Filter>Header Files</Filter>
    </ClInclude>
    <ClInclude Include="UserInterfaces\UserInterfaces.h">
      <Filter>Header Files</Filter>
    </ClInclude>
    <ClInclude Include="UserInterfaces\Wrappers\Box\BoxWrapper.h">
      <Filter>Header Files</Filter>
    </ClInclude>
    <ClInclude Include="UserInterfaces\Wrappers\Wrappers.h">
      <Filter>Header Files</Filter>
    </ClInclude>
    <ClInclude Include="World\World.h">
      <Filter>Header Files</Filter>
    </ClInclude>
    <ClInclude Include="Math\Collisions\Collision\Collision.h">
      <Filter>Header Files</Filter>
    </ClInclude>
    <ClInclude Include="Collisionable\Collisionable.h">
      <Filter>Header Files</Filter>
    </ClInclude>
    <ClInclude Include="Components\Animation\AnimationComponent.h">
      <Filter>Header Files</Filter>
    </ClInclude>
    <ClInclude Include="Components\Base\ComponentBase.h">
      <Filter>Header Files</Filter>
    </ClInclude>
    <ClInclude Include="Components\Bitmap\BitmapComponent.h">
      <Filter>Header Files</Filter>
    </ClInclude>
    <ClInclude Include="Components\Bound\BoundComponent.h">
      <Filter>Header Files</Filter>
    </ClInclude>
    <ClInclude Include="Components\Camera\CameraComponent.h">
      <Filter>Header Files</Filter>
    </ClInclude>
    <ClInclude Include="Components\Circle\CircleComponent.h">
      <Filter>Header Files</Filter>
    </ClInclude>
    <ClInclude Include="Components\Colliders\Base\ColliderBase.h">
      <Filter>Header Files</Filter>
    </ClInclude>
    <ClInclude Include="Components\Colliders\Box\BoxCollider.h">
      <Filter>Header Files</Filter>
    </ClInclude>
    <ClInclude Include="Components\Colliders\Circle\CircleCollider.h">
      <Filter>Header Files</Filter>
    </ClInclude>
    <ClInclude Include="Components\Colliders\Colliders.h">
      <Filter>Header Files</Filter>
    </ClInclude>
    <ClInclude Include="Components\Components.h">
      <Filter>Header Files</Filter>
    </ClInclude>
    <ClInclude Include="Components\Movement\MovementComponent.h">
      <Filter>Header Files</Filter>
    </ClInclude>
    <ClInclude Include="Components\Rect\RectComponent.h">
      <Filter>Header Files</Filter>
    </ClInclude>
    <ClInclude Include="Components\Shapes\Box\BoxShapeComponent.h">
      <Filter>Header Files</Filter>
    </ClInclude>
    <ClInclude Include="Components\Shapes\Box\StrokeBoxShapeComponent.h">
      <Filter>Header Files</Filter>
    </ClInclude>
    <ClInclude Include="Components\Shapes\Circle\CircleShapeComponent.h">
      <Filter>Header Files</Filter>
    </ClInclude>
    <ClInclude Include="Components\Shapes\Circle\StrokeCircleShapeComponent.h">
      <Filter>Header Files</Filter>
    </ClInclude>
    <ClInclude Include="Components\Shapes\Shapes.h">
      <Filter>Header Files</Filter>
    </ClInclude>
    <ClInclude Include="Components\Shapes\Stroked\Stroked.h">
      <Filter>Header Files</Filter>
    </ClInclude>
    <ClInclude Include="Math\Circle\Circle.h">
      <Filter>Header Files</Filter>
    </ClInclude>
    <ClInclude Include="Math\Line\Line.h">
      <Filter>Header Files</Filter>
    </ClInclude>
    <ClInclude Include="Math\Polygon\Polygon.h">
      <Filter>Header Files</Filter>
    </ClInclude>
    <ClInclude Include="Components\Rigidbody\RigidbodyComponent.h">
      <Filter>Header Files</Filter>
    </ClInclude>
    <ClInclude Include="UserInterfaces\Panels\Panels.h">
      <Filter>Header Files</Filter>
    </ClInclude>
    <ClInclude Include="Math\RoundRect\RoundRect.h">
      <Filter>Header Files</Filter>
    </ClInclude>
    <ClInclude Include="Components\RoundRect\RoundRectComponent.h">
      <Filter>Header Files</Filter>
    </ClInclude>
    <ClInclude Include="Components\Shapes\RoundRect\RoundRectShapeComponent.h">
      <Filter>Header Files</Filter>
    </ClInclude>
    <ClInclude Include="Components\Colliders\RoundRect\RoundRectCollider.h">
      <Filter>Header Files</Filter>
    </ClInclude>
    <ClInclude Include="Components\Lights\Light\LightComponent.h">
      <Filter>Header Files</Filter>
    </ClInclude>
    <ClInclude Include="AdditionalFeatures\AdditionalFeatures.h">
      <Filter>Header Files</Filter>
    </ClInclude>
    <ClInclude Include="AdditionalFeatures\Colored\Colored.h">
      <Filter>Header Files</Filter>
    </ClInclude>
    <ClInclude Include="Components\UI\UIComponent.h">
      <Filter>Header Files</Filter>
    </ClInclude>
    <ClInclude Include="UserInterfaces\Panels\Overlay\OverlayPanel.h">
      <Filter>Header Files</Filter>
    </ClInclude>
    <ClInclude Include="UserInterfaces\Wrappers\Animation\AnimationWrapper.h">
      <Filter>Header Files</Filter>
    </ClInclude>
    <ClInclude Include="UserInterfaces\Wrappers\Base\WrapperBase.h">
      <Filter>Header Files</Filter>
    </ClInclude>
    <ClInclude Include="UserInterfaces\Wrappers\Image\ImageWrapper.h">
      <Filter>Header Files</Filter>
    </ClInclude>
    <ClInclude Include="Components\Lights\Shade\ShadeComponent.h">
      <Filter>Header Files</Filter>
    </ClInclude>
    <ClInclude Include="Components\Lights\Lights.h">
      <Filter>Header Files</Filter>
    </ClInclude>
  </ItemGroup>
</Project>