<?xml version="1.0" encoding="utf-8"?>
<Project ToolsVersion="4.0" xmlns="http://schemas.microsoft.com/developer/msbuild/2003">
  <ItemGroup>
    <Filter Include="Source Files">
      <UniqueIdentifier>{4FC737F1-C7A5-4376-A066-2A32D752A2FF}</UniqueIdentifier>
      <Extensions>cpp;c;cc;cxx;def;odl;idl;hpj;bat;asm;asmx</Extensions>
    </Filter>
    <Filter Include="Header Files">
      <UniqueIdentifier>{93995380-89BD-4b04-88EB-625FBE52EBFB}</UniqueIdentifier>
      <Extensions>h;hh;hpp;hxx;hm;inl;inc;ipp;xsd</Extensions>
    </Filter>
    <Filter Include="Resource Files">
      <UniqueIdentifier>{67DA6AB6-F800-4c08-8B7A-83BB121AAD01}</UniqueIdentifier>
      <Extensions>rc;ico;cur;bmp;dlg;rc2;rct;bin;rgs;gif;jpg;jpeg;jpe;resx;tiff;tif;png;wav;mfcribbon-ms</Extensions>
    </Filter>
  </ItemGroup>
  <ItemGroup>
    <ClCompile Include="ClientApp.cpp">
      <Filter>Source Files</Filter>
    </ClCompile>
    <ClCompile Include="pch.cpp">
      <Filter>Source Files</Filter>
    </ClCompile>
    <ClCompile Include="System\System.cpp">
      <Filter>Source Files</Filter>
    </ClCompile>
    <ClCompile Include="Canvas\Main\MainCanvas.cpp">
      <Filter>Source Files</Filter>
    </ClCompile>
    <ClCompile Include="Objects\Test\TestObject.cpp">
      <Filter>Source Files</Filter>
    </ClCompile>
    <ClCompile Include="Worlds\MainStage\MainStage.cpp">
      <Filter>Source Files</Filter>
    </ClCompile>
    <ClCompile Include="Worlds\Test\TestWorld.cpp">
      <Filter>Source Files</Filter>
    </ClCompile>
    <ClCompile Include="Objects\Test\RigidbodyTestObject.cpp">
      <Filter>Source Files</Filter>
    </ClCompile>
    <ClCompile Include="Objects\Background\Background.cpp">
      <Filter>Source Files</Filter>
    </ClCompile>
    <ClCompile Include="Objects\Ball\Ball.cpp">
      <Filter>Source Files</Filter>
    </ClCompile>
    <ClCompile Include="Objects\Title\Title.cpp">
      <Filter>Source Files</Filter>
    </ClCompile>
    <ClCompile Include="Objects\Walls\Walls.cpp">
      <Filter>Source Files</Filter>
    </ClCompile>
    <ClCompile Include="Components\DashMovement\DashMovement.cpp">
      <Filter>Source Files</Filter>
    </ClCompile>
    <ClCompile Include="Components\Indicator\Indicator.cpp">
      <Filter>Source Files</Filter>
    </ClCompile>
    <ClCompile Include="Components\Staff\Staff.cpp">
      <Filter>Source Files</Filter>
    </ClCompile>
    <ClCompile Include="Components\TimingBar\TimingBar.cpp">
      <Filter>Source Files</Filter>
    </ClCompile>
    <ClCompile Include="Objects\Enemies\Base\EnemyBase.cpp">
      <Filter>Source Files</Filter>
    </ClCompile>
    <ClCompile Include="Objects\Enemies\EnemyType001\EnemyType001.cpp">
      <Filter>Source Files</Filter>
    </ClCompile>
    <ClCompile Include="Objects\Enemies\EnemyType002\EnemyType002.cpp">
      <Filter>Source Files</Filter>
    </ClCompile>
    <ClCompile Include="Objects\Enemies\EnemyType004\EnemyType004.cpp">
      <Filter>Source Files</Filter>
    </ClCompile>
    <ClCompile Include="Components\BackgroundBitmap\BackgroundBitmap.cpp">
      <Filter>Source Files</Filter>
    </ClCompile>
    <ClCompile Include="Components\EventBindAnimation\EventBindAnimation.cpp">
      <Filter>Source Files</Filter>
    </ClCompile>
    <ClCompile Include="Components\KnockBackMovement\KnockBackMovement.cpp">
      <Filter>Source Files</Filter>
    </ClCompile>
    <ClCompile Include="Managers\Config\ConfigManager.cpp">
      <Filter>Source Files</Filter>
    </ClCompile>
    <ClCompile Include="UI\HealthBar\HealthBar.cpp">
      <Filter>Source Files</Filter>
    </ClCompile>
    <ClCompile Include="UI\ManaBallCounter\ManaBallCounter.cpp">
      <Filter>Source Files</Filter>
    </ClCompile>
    <ClCompile Include="UI\Number\Number.cpp">
      <Filter>Source Files</Filter>
    </ClCompile>
    <ClCompile Include="Components\Effect\SwingEffect\SwingEffect.cpp">
      <Filter>Source Files</Filter>
    </ClCompile>
    <ClCompile Include="Objects\Bombs\PoisonBomb\PoisonBomb.cpp">
      <Filter>Source Files</Filter>
    </ClCompile>
    <ClCompile Include="Objects\Bombs\NormalBomb\NormalBomb.cpp">
      <Filter>Source Files</Filter>
    </ClCompile>
    <ClCompile Include="Objects\Bombs\Base\BombBase.cpp">
      <Filter>Source Files</Filter>
    </ClCompile>
    <ClCompile Include="Components\Effect\CollsionEffect\CollisionEffect.cpp">
      <Filter>Source Files</Filter>
    </ClCompile>
    <ClCompile Include="Objects\Effect\Effect.cpp">
      <Filter>Source Files</Filter>
    </ClCompile>
    <ClCompile Include="UI\HUD\HUD.cpp">
      <Filter>Source Files</Filter>
    </ClCompile>
    <ClCompile Include="UI\Settings\Settings.cpp">
      <Filter>Source Files</Filter>
    </ClCompile>
    <ClCompile Include="Objects\Enemies\EnemyType003\EnemyType003.cpp">
      <Filter>Source Files</Filter>
    </ClCompile>
    <ClCompile Include="Objects\Enemies\EnemyType003\EnemyBullet.cpp">
      <Filter>Source Files</Filter>
    </ClCompile>
    <ClCompile Include="Objects\BombSpawner\BombSpawner.cpp">
      <Filter>Source Files</Filter>
    </ClCompile>
    <ClCompile Include="Objects\Ornament\Torch\Torch.cpp">
      <Filter>Source Files</Filter>
    </ClCompile>
    <ClCompile Include="Components\Effect\TrailEffect\TrailEffect.cpp">
      <Filter>Source Files</Filter>
    </ClCompile>
    <ClCompile Include="Objects\Pilar\PilarBase.cpp">
      <Filter>Source Files</Filter>
    </ClCompile>
    <ClCompile Include="Worlds\Stage1\Stage001.cpp">
      <Filter>Source Files</Filter>
    </ClCompile>
    <ClCompile Include="Worlds\Stage2\Stage002.cpp">
      <Filter>Source Files</Filter>
    </ClCompile>
    <ClCompile Include="Objects\Background\LoadingBackground.cpp">
      <Filter>Source Files</Filter>
    </ClCompile>
    <ClCompile Include="Objects\Player\AutoMovePlayer.cpp">
      <Filter>Source Files</Filter>
    </ClCompile>
    <ClCompile Include="Objects\Player\PlayerBase.cpp">
      <Filter>Source Files</Filter>
    </ClCompile>
    <ClCompile Include="Objects\Player\ControlPlayer.cpp">
      <Filter>Source Files</Filter>
    </ClCompile>
    <ClCompile Include="Worlds\LoadingStage\LoadingStage.cpp">
      <Filter>Source Files</Filter>
    </ClCompile>
    <ClCompile Include="Managers\StageLoader\StageLoader.cpp">
      <Filter>Source Files</Filter>
    </ClCompile>
    <ClCompile Include="Objects\Enemies\Explode\EnemyExplosion.cpp">
      <Filter>Source Files</Filter>
    </ClCompile>
    <ClCompile Include="Objects\Background\LoadingBackground.cpp">
      <Filter>Source Files</Filter>
    </ClCompile>
    <ClCompile Include="Objects\Player\AutoMovePlayer.cpp">
      <Filter>Source Files</Filter>
    </ClCompile>
    <ClCompile Include="Objects\Player\PlayerBase.cpp">
      <Filter>Source Files</Filter>
    </ClCompile>
    <ClCompile Include="Objects\Player\ControlPlayer.cpp">
      <Filter>Source Files</Filter>
    </ClCompile>
    <ClCompile Include="Worlds\LoadingStage\LoadingStage.cpp">
      <Filter>Source Files</Filter>
    </ClCompile>
    <ClCompile Include="Objects\Ornament\Gate\Gate.cpp">
      <Filter>Source Files</Filter>
    </ClCompile>
    <ClCompile Include="Worlds\Stage3\Stage003.cpp">
      <Filter>Source Files</Filter>
    </ClCompile>
    <ClCompile Include="Worlds\Stage4\Stage004.cpp">
      <Filter>Source Files</Filter>
    </ClCompile>
    <ClCompile Include="UI\Card\Card.cpp">
      <Filter>Source Files</Filter>
    </ClCompile>
    <ClCompile Include="UI\Upgrade\Upgrade.cpp">
      <Filter>Source Files</Filter>
    </ClCompile>
    <ClCompile Include="Objects\Enemies\EnemyType004\HealPack.cpp">
      <Filter>Source Files</Filter>
    </ClCompile>
    <ClCompile Include="Objects\Bombs\PoisonBomb\Poison.cpp">
      <Filter>Source Files</Filter>
    </ClCompile>
    <ClCompile Include="Managers\Data\DataManager.cpp">
      <Filter>Source Files</Filter>
    </ClCompile>
    <ClCompile Include="Objects\Enemies\Boss\Boss.cpp">
      <Filter>Source Files</Filter>
    </ClCompile>
    <ClCompile Include="Objects\KeyInformation\KeyInformation.cpp">
      <Filter>Source Files</Filter>
    </ClCompile>
    <ClCompile Include="Worlds\BattleStage\BattleStage.cpp">
      <Filter>Source Files</Filter>
    </ClCompile>
    <ClCompile Include="Worlds\Stage\Stage.cpp">
      <Filter>Source Files</Filter>
    </ClCompile>
    <ClCompile Include="Objects\EnemySpawner\Spawner\Spawner.cpp">
      <Filter>Source Files</Filter>
    </ClCompile>
    <ClCompile Include="Worlds\CutSceneStage\CutSceneStage.cpp">
      <Filter>Source Files</Filter>
    </ClCompile>
    <ClCompile Include="Objects\CutScene\CutScene.cpp">
      <Filter>Source Files</Filter>
    </ClCompile>
    <ClCompile Include="UI\GameOver\GameOver.cpp">
      <Filter>Source Files</Filter>
    </ClCompile>
    <ClCompile Include="Objects\Background\BossBackground.cpp">
      <Filter>Source Files</Filter>
    </ClCompile>
    <ClCompile Include="Objects\Enemies\Boss\BossBullet.cpp">
      <Filter>Source Files</Filter>
    </ClCompile>
    <ClCompile Include="Objects\EndingCreditScroller\EndingCreditScroller.cpp">
      <Filter>Source Files</Filter>
    </ClCompile>
    <ClCompile Include="Objects\Background\EndingBackground.cpp">
      <Filter>Source Files</Filter>
    </ClCompile>
  </ItemGroup>
  <ItemGroup>
    <ClInclude Include="pch.h">
      <Filter>Header Files</Filter>
    </ClInclude>
    <ClInclude Include="System\System.h">
      <Filter>Header Files</Filter>
    </ClInclude>
    <ClInclude Include="Canvas\Main\MainCanvas.h">
      <Filter>Header Files</Filter>
    </ClInclude>
    <ClInclude Include="Objects\Test\TestObject.h">
      <Filter>Header Files</Filter>
    </ClInclude>
    <ClInclude Include="Worlds\MainStage\MainStage.h">
      <Filter>Header Files</Filter>
    </ClInclude>
    <ClInclude Include="Worlds\Test\TestWorld.h">
      <Filter>Header Files</Filter>
    </ClInclude>
    <ClInclude Include="Objects\Test\RigidbodyTestObject.h">
      <Filter>Header Files</Filter>
    </ClInclude>
    <ClInclude Include="Objects\Background\Background.h">
      <Filter>Header Files</Filter>
    </ClInclude>
    <ClInclude Include="Objects\Ball\Ball.h">
      <Filter>Header Files</Filter>
    </ClInclude>
    <ClInclude Include="Objects\Title\Title.h">
      <Filter>Header Files</Filter>
    </ClInclude>
    <ClInclude Include="Objects\Walls\Walls.h">
      <Filter>Header Files</Filter>
    </ClInclude>
    <ClInclude Include="Components\DashMovement\DashMovement.h">
      <Filter>Header Files</Filter>
    </ClInclude>
    <ClInclude Include="Components\Indicator\Indicator.h">
      <Filter>Header Files</Filter>
    </ClInclude>
    <ClInclude Include="Components\Staff\Staff.h">
      <Filter>Header Files</Filter>
    </ClInclude>
    <ClInclude Include="Components\TimingBar\TimingBar.h">
      <Filter>Header Files</Filter>
    </ClInclude>
    <ClInclude Include="Objects\Enemies\Enemies.h">
      <Filter>Header Files</Filter>
    </ClInclude>
    <ClInclude Include="Objects\Enemies\Base\EnemyBase.h">
      <Filter>Header Files</Filter>
    </ClInclude>
    <ClInclude Include="Objects\Enemies\EnemyType001\EnemyType001.h">
      <Filter>Header Files</Filter>
    </ClInclude>
    <ClInclude Include="Objects\Enemies\EnemyType002\EnemyType002.h">
      <Filter>Header Files</Filter>
    </ClInclude>
    <ClInclude Include="Objects\Enemies\EnemyType004\EnemyType004.h">
      <Filter>Header Files</Filter>
    </ClInclude>
    <ClInclude Include="Components\BackgroundBitmap\BackgroundBitmap.h">
      <Filter>Header Files</Filter>
    </ClInclude>
    <ClInclude Include="Components\EventBindAnimation\EventBindAnimation.h">
      <Filter>Header Files</Filter>
    </ClInclude>
    <ClInclude Include="Components\KnockBackMovement\KnockBackMovement.h">
      <Filter>Header Files</Filter>
    </ClInclude>
    <ClInclude Include="Managers\Config\ConfigManager.h">
      <Filter>Header Files</Filter>
    </ClInclude>
    <ClInclude Include="UI\HealthBar\HealthBar.h">
      <Filter>Header Files</Filter>
    </ClInclude>
    <ClInclude Include="UI\ManaBallCounter\ManaBallCounter.h">
      <Filter>Header Files</Filter>
    </ClInclude>
    <ClInclude Include="UI\Number\Number.h">
      <Filter>Header Files</Filter>
    </ClInclude>
    <ClInclude Include="Components\Effect\SwingEffect\SwingEffect.h">
      <Filter>Header Files</Filter>
    </ClInclude>
    <ClInclude Include="Objects\Bombs\Bombs.h">
      <Filter>Header Files</Filter>
    </ClInclude>
    <ClInclude Include="Objects\Bombs\PoisonBomb\PoisonBomb.h">
      <Filter>Header Files</Filter>
    </ClInclude>
    <ClInclude Include="Objects\Bombs\NormalBomb\NormalBomb.h">
      <Filter>Header Files</Filter>
    </ClInclude>
    <ClInclude Include="Objects\Bombs\Base\BombBase.h">
      <Filter>Header Files</Filter>
    </ClInclude>
    <ClInclude Include="Components\Effect\CollsionEffect\CollisionEffect.h">
      <Filter>Header Files</Filter>
    </ClInclude>
    <ClInclude Include="Objects\Effect\Effect.h">
      <Filter>Header Files</Filter>
    </ClInclude>
    <ClInclude Include="UI\HUD\HUD.h">
      <Filter>Header Files</Filter>
    </ClInclude>
    <ClInclude Include="UI\Settings\Settings.h">
      <Filter>Header Files</Filter>
    </ClInclude>
    <ClInclude Include="Objects\Enemies\EnemyType003\EnemyType003.h">
      <Filter>Header Files</Filter>
    </ClInclude>
    <ClInclude Include="Objects\Enemies\EnemyType003\EnemyBullet.h">
      <Filter>Header Files</Filter>
    </ClInclude>
    <ClInclude Include="Objects\BombSpawner\BombSpawner.h">
      <Filter>Header Files</Filter>
    </ClInclude>
    <ClInclude Include="Objects\EnemySpawner\EnemySpawner.h">
      <Filter>Header Files</Filter>
    </ClInclude>
    <ClInclude Include="Objects\Ornament\Torch\Torch.h">
      <Filter>Header Files</Filter>
    </ClInclude>
    <ClInclude Include="Components\Effect\TrailEffect\TrailEffect.h">
      <Filter>Header Files</Filter>
    </ClInclude>
    <ClInclude Include="Objects\Pilar\PilarBase.h">
      <Filter>Header Files</Filter>
    </ClInclude>
    <ClInclude Include="Worlds\Stage1\Stage001.h">
      <Filter>Header Files</Filter>
    </ClInclude>
    <ClInclude Include="Worlds\Stage2\Stage002.h">
      <Filter>Header Files</Filter>
    </ClInclude>
    <ClInclude Include="Managers\Managers.h">
      <Filter>Header Files</Filter>
    </ClInclude>
    <ClInclude Include="Objects\Background\LoadingBackground.h">
      <Filter>Header Files</Filter>
    </ClInclude>
    <ClInclude Include="Objects\Player\AutoMovePlayer.h">
      <Filter>Header Files</Filter>
    </ClInclude>
    <ClInclude Include="Objects\Player\PlayerBase.h">
      <Filter>Header Files</Filter>
    </ClInclude>
    <ClInclude Include="Objects\Player\ControlPlayer.h">
      <Filter>Header Files</Filter>
    </ClInclude>
    <ClInclude Include="Worlds\LoadingStage\LoadingStage.h">
      <Filter>Header Files</Filter>
    </ClInclude>
    <ClInclude Include="Managers\StageLoader\StageLoader.h">
      <Filter>Header Files</Filter>
    </ClInclude>
    <ClInclude Include="Objects\Enemies\Explode\EnemyExplosion.h">
      <Filter>Header Files</Filter>
    </ClInclude>
    <ClInclude Include="Managers\Managers.h">
      <Filter>Header Files</Filter>
    </ClInclude>
    <ClInclude Include="Objects\Background\LoadingBackground.h">
      <Filter>Header Files</Filter>
    </ClInclude>
    <ClInclude Include="Objects\Player\AutoMovePlayer.h">
      <Filter>Header Files</Filter>
    </ClInclude>
    <ClInclude Include="Objects\Player\PlayerBase.h">
      <Filter>Header Files</Filter>
    </ClInclude>
    <ClInclude Include="Objects\Player\ControlPlayer.h">
      <Filter>Header Files</Filter>
    </ClInclude>
    <ClInclude Include="Worlds\LoadingStage\LoadingStage.h">
      <Filter>Header Files</Filter>
    </ClInclude>
    <ClInclude Include="Objects\Ornament\Gate\Gate.h">
      <Filter>Header Files</Filter>
    </ClInclude>
    <ClInclude Include="Worlds\Stage3\Stage003.h">
      <Filter>Header Files</Filter>
    </ClInclude>
    <ClInclude Include="Worlds\Worlds.h">
      <Filter>Header Files</Filter>
    </ClInclude>
    <ClInclude Include="Worlds\Stage4\Stage004.h">
      <Filter>Header Files</Filter>
    </ClInclude>
    <ClInclude Include="UI\Card\Card.h">
      <Filter>Header Files</Filter>
    </ClInclude>
    <ClInclude Include="UI\Upgrade\Upgrade.h">
      <Filter>Header Files</Filter>
    </ClInclude>
    <ClInclude Include="Objects\Enemies\EnemyType004\HealPack.h">
      <Filter>Header Files</Filter>
    </ClInclude>
    <ClInclude Include="Objects\Bombs\PoisonBomb\Poison.h">
      <Filter>Header Files</Filter>
    </ClInclude>
    <ClInclude Include="Managers\Data\DataManager.h">
      <Filter>Header Files</Filter>
    </ClInclude>
    <ClInclude Include="Objects\Enemies\Boss\Boss.h">
      <Filter>Header Files</Filter>
    </ClInclude>
    <ClInclude Include="Objects\KeyInformation\KeyInformation.h">
      <Filter>Header Files</Filter>
    </ClInclude>
    <ClInclude Include="Worlds\BattleStage\BattleStage.h">
      <Filter>Header Files</Filter>
    </ClInclude>
    <ClInclude Include="Worlds\Stage\Stage.h">
      <Filter>Header Files</Filter>
    </ClInclude>
    <ClInclude Include="Objects\EnemySpawner\Spawner\Spawner.h">
      <Filter>Header Files</Filter>
    </ClInclude>
    <ClInclude Include="Worlds\CutSceneStage\CutSceneStage.h">
      <Filter>Header Files</Filter>
    </ClInclude>
    <ClInclude Include="Objects\CutScene\CutScene.h">
      <Filter>Header Files</Filter>
    </ClInclude>
    <ClInclude Include="UI\GameOver\GameOver.h">
      <Filter>Header Files</Filter>
    </ClInclude>
    <ClInclude Include="Objects\Background\BossBackground.h">
      <Filter>Header Files</Filter>
    </ClInclude>
    <ClInclude Include="Objects\Background\EndingBackground.h">
      <Filter>Header Files</Filter>
    </ClInclude>
    <ClInclude Include="Objects\EndingCreditScroller\EndingCreditScroller.h">
      <Filter>Header Files</Filter>
    </ClInclude>
    <ClInclude Include="Objects\Enemies\Boss\BossBullet.h">
      <Filter>Header Files</Filter>
    </ClInclude>
  </ItemGroup>
  <ItemGroup>
    <None Include="Config.ini" />
  </ItemGroup>
</Project>